
Microsoft Visual Studio Solution File, Format Version 12.00
# Visual Studio Version 16
VisualStudioVersion = 16.0.31205.134
MinimumVisualStudioVersion = 10.0.40219.1
Project("{FAE04EC0-301F-11D3-BF4B-00C04F79EFBC}") = "OOP20-HotlineCesena-csharp", "OOP20-HotlineCesena-csharp\OOP20-HotlineCesena-csharp.csproj", "{27204BEE-C730-448E-867B-4E9F720B13FE}"
EndProject
Project("{FAE04EC0-301F-11D3-BF4B-00C04F79EFBC}") = "Test", "Test\Test.csproj", "{2EA28274-D038-42AE-B6A8-11D2BA622A9A}"
EndProject
Project("{2150E333-8FDC-42A3-9474-1A3956D46DE8}") = "Solution Items", "Solution Items", "{74AE6556-4922-40A6-8A4C-152B1F101592}"
	ProjectSection(SolutionItems) = preProject
		.editorconfig = .editorconfig
	EndProjectSection
EndProject
Global
	GlobalSection(SolutionConfigurationPlatforms) = preSolution
		Debug|Any CPU = Debug|Any CPU
		Release|Any CPU = Release|Any CPU
	EndGlobalSection
	GlobalSection(ProjectConfigurationPlatforms) = postSolution
		{27204BEE-C730-448E-867B-4E9F720B13FE}.Debug|Any CPU.ActiveCfg = Debug|Any CPU
		{27204BEE-C730-448E-867B-4E9F720B13FE}.Debug|Any CPU.Build.0 = Debug|Any CPU
		{27204BEE-C730-448E-867B-4E9F720B13FE}.Release|Any CPU.ActiveCfg = Release|Any CPU
		{27204BEE-C730-448E-867B-4E9F720B13FE}.Release|Any CPU.Build.0 = Release|Any CPU
		{2EA28274-D038-42AE-B6A8-11D2BA622A9A}.Debug|Any CPU.ActiveCfg = Debug|Any CPU
		{2EA28274-D038-42AE-B6A8-11D2BA622A9A}.Debug|Any CPU.Build.0 = Debug|Any CPU
		{2EA28274-D038-42AE-B6A8-11D2BA622A9A}.Release|Any CPU.ActiveCfg = Release|Any CPU
		{2EA28274-D038-42AE-B6A8-11D2BA622A9A}.Release|Any CPU.Build.0 = Release|Any CPU
	EndGlobalSection
	GlobalSection(SolutionProperties) = preSolution
		HideSolutionNode = FALSE
	EndGlobalSection
	GlobalSection(ExtensibilityGlobals) = postSolution
		SolutionGuid = {3F98484A-B481-4230-BB9F-B27899A90A6F}
	EndGlobalSection
EndGlobal
